
Microsoft Visual Studio Solution File, Format Version 12.00
# Visual Studio 15
VisualStudioVersion = 15.0.26124.0
MinimumVisualStudioVersion = 15.0.26124.0
Project("{2150E333-8FDC-42A3-9474-1A3956D46DE8}") = "src", "src", "{D9CBCDE1-5D92-4510-A978-C213D648442D}"
EndProject
Project("{FAE04EC0-301F-11D3-BF4B-00C04F79EFBC}") = "ConsoleApp", "src\ConsoleApp\ConsoleApp.csproj", "{CFE25DE3-73D3-4D4F-965D-83B5047A84F9}"
EndProject
Project("{FAE04EC0-301F-11D3-BF4B-00C04F79EFBC}") = "LibraryApp", "src\LibraryApp\LibraryApp.csproj", "{AC2189A8-0450-48D6-B82A-73EC3EC93056}"
EndProject
Project("{2150E333-8FDC-42A3-9474-1A3956D46DE8}") = "tests", "tests", "{E7485BFB-3C83-4FD2-B81A-FF2A4F825098}"
EndProject
Project("{FAE04EC0-301F-11D3-BF4B-00C04F79EFBC}") = "LibraryApp.Tests", "tests\LibraryApp.Tests\LibraryApp.Tests.csproj", "{ADCD393A-D129-45D2-9474-E8F1BE498553}"
EndProject
Global
	GlobalSection(SolutionConfigurationPlatforms) = preSolution
		Debug|Any CPU = Debug|Any CPU
		Debug|x64 = Debug|x64
		Debug|x86 = Debug|x86
		Release|Any CPU = Release|Any CPU
		Release|x64 = Release|x64
		Release|x86 = Release|x86
	EndGlobalSection
	GlobalSection(SolutionProperties) = preSolution
		HideSolutionNode = FALSE
	EndGlobalSection
	GlobalSection(ProjectConfigurationPlatforms) = postSolution
		{CFE25DE3-73D3-4D4F-965D-83B5047A84F9}.Debug|Any CPU.ActiveCfg = Debug|Any CPU
		{CFE25DE3-73D3-4D4F-965D-83B5047A84F9}.Debug|Any CPU.Build.0 = Debug|Any CPU
		{CFE25DE3-73D3-4D4F-965D-83B5047A84F9}.Debug|x64.ActiveCfg = Debug|Any CPU
		{CFE25DE3-73D3-4D4F-965D-83B5047A84F9}.Debug|x64.Build.0 = Debug|Any CPU
		{CFE25DE3-73D3-4D4F-965D-83B5047A84F9}.Debug|x86.ActiveCfg = Debug|Any CPU
		{CFE25DE3-73D3-4D4F-965D-83B5047A84F9}.Debug|x86.Build.0 = Debug|Any CPU
		{CFE25DE3-73D3-4D4F-965D-83B5047A84F9}.Release|Any CPU.ActiveCfg = Release|Any CPU
		{CFE25DE3-73D3-4D4F-965D-83B5047A84F9}.Release|Any CPU.Build.0 = Release|Any CPU
		{CFE25DE3-73D3-4D4F-965D-83B5047A84F9}.Release|x64.ActiveCfg = Release|Any CPU
		{CFE25DE3-73D3-4D4F-965D-83B5047A84F9}.Release|x64.Build.0 = Release|Any CPU
		{CFE25DE3-73D3-4D4F-965D-83B5047A84F9}.Release|x86.ActiveCfg = Release|Any CPU
		{CFE25DE3-73D3-4D4F-965D-83B5047A84F9}.Release|x86.Build.0 = Release|Any CPU
		{AC2189A8-0450-48D6-B82A-73EC3EC93056}.Debug|Any CPU.ActiveCfg = Debug|Any CPU
		{AC2189A8-0450-48D6-B82A-73EC3EC93056}.Debug|Any CPU.Build.0 = Debug|Any CPU
		{AC2189A8-0450-48D6-B82A-73EC3EC93056}.Debug|x64.ActiveCfg = Debug|Any CPU
		{AC2189A8-0450-48D6-B82A-73EC3EC93056}.Debug|x64.Build.0 = Debug|Any CPU
		{AC2189A8-0450-48D6-B82A-73EC3EC93056}.Debug|x86.ActiveCfg = Debug|Any CPU
		{AC2189A8-0450-48D6-B82A-73EC3EC93056}.Debug|x86.Build.0 = Debug|Any CPU
		{AC2189A8-0450-48D6-B82A-73EC3EC93056}.Release|Any CPU.ActiveCfg = Release|Any CPU
		{AC2189A8-0450-48D6-B82A-73EC3EC93056}.Release|Any CPU.Build.0 = Release|Any CPU
		{AC2189A8-0450-48D6-B82A-73EC3EC93056}.Release|x64.ActiveCfg = Release|Any CPU
		{AC2189A8-0450-48D6-B82A-73EC3EC93056}.Release|x64.Build.0 = Release|Any CPU
		{AC2189A8-0450-48D6-B82A-73EC3EC93056}.Release|x86.ActiveCfg = Release|Any CPU
		{AC2189A8-0450-48D6-B82A-73EC3EC93056}.Release|x86.Build.0 = Release|Any CPU
		{ADCD393A-D129-45D2-9474-E8F1BE498553}.Debug|Any CPU.ActiveCfg = Debug|Any CPU
		{ADCD393A-D129-45D2-9474-E8F1BE498553}.Debug|Any CPU.Build.0 = Debug|Any CPU
		{ADCD393A-D129-45D2-9474-E8F1BE498553}.Debug|x64.ActiveCfg = Debug|Any CPU
		{ADCD393A-D129-45D2-9474-E8F1BE498553}.Debug|x64.Build.0 = Debug|Any CPU
		{ADCD393A-D129-45D2-9474-E8F1BE498553}.Debug|x86.ActiveCfg = Debug|Any CPU
		{ADCD393A-D129-45D2-9474-E8F1BE498553}.Debug|x86.Build.0 = Debug|Any CPU
		{ADCD393A-D129-45D2-9474-E8F1BE498553}.Release|Any CPU.ActiveCfg = Release|Any CPU
		{ADCD393A-D129-45D2-9474-E8F1BE498553}.Release|Any CPU.Build.0 = Release|Any CPU
		{ADCD393A-D129-45D2-9474-E8F1BE498553}.Release|x64.ActiveCfg = Release|Any CPU
		{ADCD393A-D129-45D2-9474-E8F1BE498553}.Release|x64.Build.0 = Release|Any CPU
		{ADCD393A-D129-45D2-9474-E8F1BE498553}.Release|x86.ActiveCfg = Release|Any CPU
		{ADCD393A-D129-45D2-9474-E8F1BE498553}.Release|x86.Build.0 = Release|Any CPU
	EndGlobalSection
	GlobalSection(NestedProjects) = preSolution
		{CFE25DE3-73D3-4D4F-965D-83B5047A84F9} = {D9CBCDE1-5D92-4510-A978-C213D648442D}
		{AC2189A8-0450-48D6-B82A-73EC3EC93056} = {D9CBCDE1-5D92-4510-A978-C213D648442D}
		{ADCD393A-D129-45D2-9474-E8F1BE498553} = {E7485BFB-3C83-4FD2-B81A-FF2A4F825098}
	EndGlobalSection
EndGlobal
